
Microsoft Visual Studio Solution File, Format Version 12.00
# Visual Studio Version 16
VisualStudioVersion = 16.0.30011.22
MinimumVisualStudioVersion = 10.0.40219.1
Project("{FAE04EC0-301F-11D3-BF4B-00C04F79EFBC}") = "Tic Tac Toe Game", "Tic Toc Toe Game\Tic Tac Toe Game.csproj", "{7AE29094-F165-49D1-ADF1-AA5572D56AD5}"
EndProject
Global
	GlobalSection(SolutionConfigurationPlatforms) = preSolution
		Debug|Any CPU = Debug|Any CPU
		Release|Any CPU = Release|Any CPU
	EndGlobalSection
	GlobalSection(ProjectConfigurationPlatforms) = postSolution
		{7AE29094-F165-49D1-ADF1-AA5572D56AD5}.Debug|Any CPU.ActiveCfg = Debug|Any CPU
		{7AE29094-F165-49D1-ADF1-AA5572D56AD5}.Debug|Any CPU.Build.0 = Debug|Any CPU
		{7AE29094-F165-49D1-ADF1-AA5572D56AD5}.Release|Any CPU.ActiveCfg = Release|Any CPU
		{7AE29094-F165-49D1-ADF1-AA5572D56AD5}.Release|Any CPU.Build.0 = Release|Any CPU
	EndGlobalSection
	GlobalSection(SolutionProperties) = preSolution
		HideSolutionNode = FALSE
	EndGlobalSection
	GlobalSection(ExtensibilityGlobals) = postSolution
		SolutionGuid = {B25BB0D3-7A17-4A15-9513-076BF8E2DD88}
	EndGlobalSection
EndGlobal
